{
  "name": "rsa.js",
  "version": "1.0.1",
  "lockfileVersion": 3,
  "requires": true,
  "packages": {
    "": {
      "name": "rsa.js",
      "version": "1.0.1",
      "license": "MIT",
      "dependencies": {
        "bignumber.js": "^4.0.4"
      }
    },
    "node_modules/bignumber.js": {
      "version": "4.0.4",
      "resolved": "https://registry.npmjs.org/bignumber.js/-/bignumber.js-4.0.4.tgz",
      "integrity": "sha512-LDXpJKVzEx2/OqNbG9mXBNvHuiRL4PzHCGfnANHMJ+fv68Ads3exDVJeGDJws+AoNEuca93bU3q+S0woeUaCdg==",
      "engines": {
        "node": "*"
      }
    }
  }
}
